// !$*UTF8*$!
{
	archiveVersion = 1;
	classes = {
	};
	objectVersion = 46;
	objects = {

/* Begin PBXBuildFile section */
		F89C02A91C6E7F8C00B0A15D /* AppDelegate.swift in Sources */ = {isa = PBXBuildFile; fileRef = F89C02A81C6E7F8C00B0A15D /* AppDelegate.swift */; };
		F89C02AB1C6E7F8C00B0A15D /* GameScene.sks in Resources */ = {isa = PBXBuildFile; fileRef = F89C02AA1C6E7F8C00B0A15D /* GameScene.sks */; };
		F89C02AD1C6E7F8C00B0A15D /* GameScene.swift in Sources */ = {isa = PBXBuildFile; fileRef = F89C02AC1C6E7F8C00B0A15D /* GameScene.swift */; };
		F89C02AF1C6E7F8C00B0A15D /* GameViewController.swift in Sources */ = {isa = PBXBuildFile; fileRef = F89C02AE1C6E7F8C00B0A15D /* GameViewController.swift */; };
		F89C02B21C6E7F8C00B0A15D /* Main.storyboard in Resources */ = {isa = PBXBuildFile; fileRef = F89C02B01C6E7F8C00B0A15D /* Main.storyboard */; };
		F89C02B41C6E7F8C00B0A15D /* Assets.xcassets in Resources */ = {isa = PBXBuildFile; fileRef = F89C02B31C6E7F8C00B0A15D /* Assets.xcassets */; };
		F89C02B71C6E7F8C00B0A15D /* LaunchScreen.storyboard in Resources */ = {isa = PBXBuildFile; fileRef = F89C02B51C6E7F8C00B0A15D /* LaunchScreen.storyboard */; };
		F89C02C21C6E7F8C00B0A15D /* bouncingTests.swift in Sources */ = {isa = PBXBuildFile; fileRef = F89C02C11C6E7F8C00B0A15D /* bouncingTests.swift */; };
		F89C02CD1C6E7F8C00B0A15D /* bouncingUITests.swift in Sources */ = {isa = PBXBuildFile; fileRef = F89C02CC1C6E7F8C00B0A15D /* bouncingUITests.swift */; };
		F89C02DB1C6E94C200B0A15D /* MainMenu.sks in Resources */ = {isa = PBXBuildFile; fileRef = F89C02DA1C6E94C200B0A15D /* MainMenu.sks */; };
		F89C02DD1C6E94EB00B0A15D /* MainMenu.swift in Sources */ = {isa = PBXBuildFile; fileRef = F89C02DC1C6E94EB00B0A15D /* MainMenu.swift */; };
/* End PBXBuildFile section */

/* Begin PBXContainerItemProxy section */
		F89C02BE1C6E7F8C00B0A15D /* PBXContainerItemProxy */ = {
			isa = PBXContainerItemProxy;
			containerPortal = F89C029D1C6E7F8C00B0A15D /* Project object */;
			proxyType = 1;
			remoteGlobalIDString = F89C02A41C6E7F8C00B0A15D;
			remoteInfo = bouncing;
		};
		F89C02C91C6E7F8C00B0A15D /* PBXContainerItemProxy */ = {
			isa = PBXContainerItemProxy;
			containerPortal = F89C029D1C6E7F8C00B0A15D /* Project object */;
			proxyType = 1;
			remoteGlobalIDString = F89C02A41C6E7F8C00B0A15D;
			remoteInfo = bouncing;
		};
/* End PBXContainerItemProxy section */

/* Begin PBXFileReference section */
		F89C02A51C6E7F8C00B0A15D /* bouncing.app */ = {isa = PBXFileReference; explicitFileType = wrapper.application; includeInIndex = 0; path = bouncing.app; sourceTree = BUILT_PRODUCTS_DIR; };
		F89C02A81C6E7F8C00B0A15D /* AppDelegate.swift */ = {isa = PBXFileReference; lastKnownFileType = sourcecode.swift; path = AppDelegate.swift; sourceTree = "<group>"; };
		F89C02AA1C6E7F8C00B0A15D /* GameScene.sks */ = {isa = PBXFileReference; lastKnownFileType = file.sks; path = GameScene.sks; sourceTree = "<group>"; };
		F89C02AC1C6E7F8C00B0A15D /* GameScene.swift */ = {isa = PBXFileReference; lastKnownFileType = sourcecode.swift; path = GameScene.swift; sourceTree = "<group>"; };
		F89C02AE1C6E7F8C00B0A15D /* GameViewController.swift */ = {isa = PBXFileReference; lastKnownFileType = sourcecode.swift; path = GameViewController.swift; sourceTree = "<group>"; };
		F89C02B11C6E7F8C00B0A15D /* Base */ = {isa = PBXFileReference; lastKnownFileType = file.storyboard; name = Base; path = Base.lproj/Main.storyboard; sourceTree = "<group>"; };
		F89C02B31C6E7F8C00B0A15D /* Assets.xcassets */ = {isa = PBXFileReference; lastKnownFileType = folder.assetcatalog; path = Assets.xcassets; sourceTree = "<group>"; };
		F89C02B61C6E7F8C00B0A15D /* Base */ = {isa = PBXFileReference; lastKnownFileType = file.storyboard; name = Base; path = Base.lproj/LaunchScreen.storyboard; sourceTree = "<group>"; };
		F89C02B81C6E7F8C00B0A15D /* Info.plist */ = {isa = PBXFileReference; lastKnownFileType = text.plist.xml; path = Info.plist; sourceTree = "<group>"; };
		F89C02BD1C6E7F8C00B0A15D /* bouncingTests.xctest */ = {isa = PBXFileReference; explicitFileType = wrapper.cfbundle; includeInIndex = 0; path = bouncingTests.xctest; sourceTree = BUILT_PRODUCTS_DIR; };
		F89C02C11C6E7F8C00B0A15D /* bouncingTests.swift */ = {isa = PBXFileReference; lastKnownFileType = sourcecode.swift; path = bouncingTests.swift; sourceTree = "<group>"; };
		F89C02C31C6E7F8C00B0A15D /* Info.plist */ = {isa = PBXFileReference; lastKnownFileType = text.plist.xml; path = Info.plist; sourceTree = "<group>"; };
		F89C02C81C6E7F8C00B0A15D /* bouncingUITests.xctest */ = {isa = PBXFileReference; explicitFileType = wrapper.cfbundle; includeInIndex = 0; path = bouncingUITests.xctest; sourceTree = BUILT_PRODUCTS_DIR; };
		F89C02CC1C6E7F8C00B0A15D /* bouncingUITests.swift */ = {isa = PBXFileReference; lastKnownFileType = sourcecode.swift; path = bouncingUITests.swift; sourceTree = "<group>"; };
		F89C02CE1C6E7F8C00B0A15D /* Info.plist */ = {isa = PBXFileReference; lastKnownFileType = text.plist.xml; path = Info.plist; sourceTree = "<group>"; };
		F89C02DA1C6E94C200B0A15D /* MainMenu.sks */ = {isa = PBXFileReference; lastKnownFileType = file.sks; path = MainMenu.sks; sourceTree = "<group>"; };
		F89C02DC1C6E94EB00B0A15D /* MainMenu.swift */ = {isa = PBXFileReference; fileEncoding = 4; lastKnownFileType = sourcecode.swift; path = MainMenu.swift; sourceTree = "<group>"; };
/* End PBXFileReference section */

/* Begin PBXFrameworksBuildPhase section */
		F89C02A21C6E7F8C00B0A15D /* Frameworks */ = {
			isa = PBXFrameworksBuildPhase;
			buildActionMask = 2147483647;
			files = (
			);
			runOnlyForDeploymentPostprocessing = 0;
		};
		F89C02BA1C6E7F8C00B0A15D /* Frameworks */ = {
			isa = PBXFrameworksBuildPhase;
			buildActionMask = 2147483647;
			files = (
			);
			runOnlyForDeploymentPostprocessing = 0;
		};
		F89C02C51C6E7F8C00B0A15D /* Frameworks */ = {
			isa = PBXFrameworksBuildPhase;
			buildActionMask = 2147483647;
			files = (
			);
			runOnlyForDeploymentPostprocessing = 0;
		};
/* End PBXFrameworksBuildPhase section */

/* Begin PBXGroup section */
		F89C029C1C6E7F8C00B0A15D = {
			isa = PBXGroup;
			children = (
				F89C02A71C6E7F8C00B0A15D /* bouncing */,
				F89C02C01C6E7F8C00B0A15D /* bouncingTests */,
				F89C02CB1C6E7F8C00B0A15D /* bouncingUITests */,
				F89C02A61C6E7F8C00B0A15D /* Products */,
			);
			sourceTree = "<group>";
		};
		F89C02A61C6E7F8C00B0A15D /* Products */ = {
			isa = PBXGroup;
			children = (
				F89C02A51C6E7F8C00B0A15D /* bouncing.app */,
				F89C02BD1C6E7F8C00B0A15D /* bouncingTests.xctest */,
				F89C02C81C6E7F8C00B0A15D /* bouncingUITests.xctest */,
			);
			name = Products;
			sourceTree = "<group>";
		};
		F89C02A71C6E7F8C00B0A15D /* bouncing */ = {
			isa = PBXGroup;
			children = (
				F89C02A81C6E7F8C00B0A15D /* AppDelegate.swift */,
				F89C02AA1C6E7F8C00B0A15D /* GameScene.sks */,
				F89C02AC1C6E7F8C00B0A15D /* GameScene.swift */,
				F89C02DA1C6E94C200B0A15D /* MainMenu.sks */,
				F89C02DC1C6E94EB00B0A15D /* MainMenu.swift */,
				F89C02AE1C6E7F8C00B0A15D /* GameViewController.swift */,
				F89C02B01C6E7F8C00B0A15D /* Main.storyboard */,
				F89C02B31C6E7F8C00B0A15D /* Assets.xcassets */,
				F89C02B51C6E7F8C00B0A15D /* LaunchScreen.storyboard */,
				F89C02B81C6E7F8C00B0A15D /* Info.plist */,
			);
			path = bouncing;
			sourceTree = "<group>";
		};
		F89C02C01C6E7F8C00B0A15D /* bouncingTests */ = {
			isa = PBXGroup;
			children = (
				F89C02C11C6E7F8C00B0A15D /* bouncingTests.swift */,
				F89C02C31C6E7F8C00B0A15D /* Info.plist */,
			);
			path = bouncingTests;
			sourceTree = "<group>";
		};
		F89C02CB1C6E7F8C00B0A15D /* bouncingUITests */ = {
			isa = PBXGroup;
			children = (
				F89C02CC1C6E7F8C00B0A15D /* bouncingUITests.swift */,
				F89C02CE1C6E7F8C00B0A15D /* Info.plist */,
			);
			path = bouncingUITests;
			sourceTree = "<group>";
		};
/* End PBXGroup section */

/* Begin PBXNativeTarget section */
		F89C02A41C6E7F8C00B0A15D /* bouncing */ = {
			isa = PBXNativeTarget;
			buildConfigurationList = F89C02D11C6E7F8C00B0A15D /* Build configuration list for PBXNativeTarget "bouncing" */;
			buildPhases = (
				F89C02A11C6E7F8C00B0A15D /* Sources */,
				F89C02A21C6E7F8C00B0A15D /* Frameworks */,
				F89C02A31C6E7F8C00B0A15D /* Resources */,
			);
			buildRules = (
			);
			dependencies = (
			);
			name = bouncing;
			productName = bouncing;
			productReference = F89C02A51C6E7F8C00B0A15D /* bouncing.app */;
			productType = "com.apple.product-type.application";
		};
		F89C02BC1C6E7F8C00B0A15D /* bouncingTests */ = {
			isa = PBXNativeTarget;
			buildConfigurationList = F89C02D41C6E7F8C00B0A15D /* Build configuration list for PBXNativeTarget "bouncingTests" */;
			buildPhases = (
				F89C02B91C6E7F8C00B0A15D /* Sources */,
				F89C02BA1C6E7F8C00B0A15D /* Frameworks */,
				F89C02BB1C6E7F8C00B0A15D /* Resources */,
			);
			buildRules = (
			);
			dependencies = (
				F89C02BF1C6E7F8C00B0A15D /* PBXTargetDependency */,
			);
			name = bouncingTests;
			productName = bouncingTests;
			productReference = F89C02BD1C6E7F8C00B0A15D /* bouncingTests.xctest */;
			productType = "com.apple.product-type.bundle.unit-test";
		};
		F89C02C71C6E7F8C00B0A15D /* bouncingUITests */ = {
			isa = PBXNativeTarget;
			buildConfigurationList = F89C02D71C6E7F8C00B0A15D /* Build configuration list for PBXNativeTarget "bouncingUITests" */;
			buildPhases = (
				F89C02C41C6E7F8C00B0A15D /* Sources */,
				F89C02C51C6E7F8C00B0A15D /* Frameworks */,
				F89C02C61C6E7F8C00B0A15D /* Resources */,
			);
			buildRules = (
			);
			dependencies = (
				F89C02CA1C6E7F8C00B0A15D /* PBXTargetDependency */,
			);
			name = bouncingUITests;
			productName = bouncingUITests;
			productReference = F89C02C81C6E7F8C00B0A15D /* bouncingUITests.xctest */;
			productType = "com.apple.product-type.bundle.ui-testing";
		};
/* End PBXNativeTarget section */

/* Begin PBXProject section */
		F89C029D1C6E7F8C00B0A15D /* Project object */ = {
			isa = PBXProject;
			attributes = {
				LastSwiftUpdateCheck = 0720;
				LastUpgradeCheck = 0720;
				ORGANIZATIONNAME = "Mustafa Bedir Tapkan";
				TargetAttributes = {
					F89C02A41C6E7F8C00B0A15D = {
						CreatedOnToolsVersion = 7.2.1;
						DevelopmentTeam = BX9LLBUEW7;
					};
					F89C02BC1C6E7F8C00B0A15D = {
						CreatedOnToolsVersion = 7.2.1;
						DevelopmentTeam = BX9LLBUEW7;
						TestTargetID = F89C02A41C6E7F8C00B0A15D;
					};
					F89C02C71C6E7F8C00B0A15D = {
						CreatedOnToolsVersion = 7.2.1;
						DevelopmentTeam = BX9LLBUEW7;
						TestTargetID = F89C02A41C6E7F8C00B0A15D;
					};
				};
			};
			buildConfigurationList = F89C02A01C6E7F8C00B0A15D /* Build configuration list for PBXProject "bouncing" */;
			compatibilityVersion = "Xcode 3.2";
			developmentRegion = English;
			hasScannedForEncodings = 0;
			knownRegions = (
				en,
				Base,
			);
			mainGroup = F89C029C1C6E7F8C00B0A15D;
			productRefGroup = F89C02A61C6E7F8C00B0A15D /* Products */;
			projectDirPath = "";
			projectRoot = "";
			targets = (
				F89C02A41C6E7F8C00B0A15D /* bouncing */,
				F89C02BC1C6E7F8C00B0A15D /* bouncingTests */,
				F89C02C71C6E7F8C00B0A15D /* bouncingUITests */,
			);
		};
/* End PBXProject section */

/* Begin PBXResourcesBuildPhase section */
		F89C02A31C6E7F8C00B0A15D /* Resources */ = {
			isa = PBXResourcesBuildPhase;
			buildActionMask = 2147483647;
			files = (
				F89C02AB1C6E7F8C00B0A15D /* GameScene.sks in Resources */,
				F89C02B71C6E7F8C00B0A15D /* LaunchScreen.storyboard in Resources */,
				F89C02B41C6E7F8C00B0A15D /* Assets.xcassets in Resources */,
				F89C02DB1C6E94C200B0A15D /* MainMenu.sks in Resources */,
				F89C02B21C6E7F8C00B0A15D /* Main.storyboard in Resources */,
			);
			runOnlyForDeploymentPostprocessing = 0;
		};
		F89C02BB1C6E7F8C00B0A15D /* Resources */ = {
			isa = PBXResourcesBuildPhase;
			buildActionMask = 2147483647;
			files = (
			);
			runOnlyForDeploymentPostprocessing = 0;
		};
		F89C02C61C6E7F8C00B0A15D /* Resources */ = {
			isa = PBXResourcesBuildPhase;
			buildActionMask = 2147483647;
			files = (
			);
			runOnlyForDeploymentPostprocessing = 0;
		};
/* End PBXResourcesBuildPhase section */

/* Begin PBXSourcesBuildPhase section */
		F89C02A11C6E7F8C00B0A15D /* Sources */ = {
			isa = PBXSourcesBuildPhase;
			buildActionMask = 2147483647;
			files = (
				F89C02AD1C6E7F8C00B0A15D /* GameScene.swift in Sources */,
				F89C02AF1C6E7F8C00B0A15D /* GameViewController.swift in Sources */,
				F89C02A91C6E7F8C00B0A15D /* AppDelegate.swift in Sources */,
				F89C02DD1C6E94EB00B0A15D /* MainMenu.swift in Sources */,
			);
			runOnlyForDeploymentPostprocessing = 0;
		};
		F89C02B91C6E7F8C00B0A15D /* Sources */ = {
			isa = PBXSourcesBuildPhase;
			buildActionMask = 2147483647;
			files = (
				F89C02C21C6E7F8C00B0A15D /* bouncingTests.swift in Sources */,
			);
			runOnlyForDeploymentPostprocessing = 0;
		};
		F89C02C41C6E7F8C00B0A15D /* Sources */ = {
			isa = PBXSourcesBuildPhase;
			buildActionMask = 2147483647;
			files = (
				F89C02CD1C6E7F8C00B0A15D /* bouncingUITests.swift in Sources */,
			);
			runOnlyForDeploymentPostprocessing = 0;
		};
/* End PBXSourcesBuildPhase section */

/* Begin PBXTargetDependency section */
		F89C02BF1C6E7F8C00B0A15D /* PBXTargetDependency */ = {
			isa = PBXTargetDependency;
			target = F89C02A41C6E7F8C00B0A15D /* bouncing */;
			targetProxy = F89C02BE1C6E7F8C00B0A15D /* PBXContainerItemProxy */;
		};
		F89C02CA1C6E7F8C00B0A15D /* PBXTargetDependency */ = {
			isa = PBXTargetDependency;
			target = F89C02A41C6E7F8C00B0A15D /* bouncing */;
			targetProxy = F89C02C91C6E7F8C00B0A15D /* PBXContainerItemProxy */;
		};
/* End PBXTargetDependency section */

/* Begin PBXVariantGroup section */
		F89C02B01C6E7F8C00B0A15D /* Main.storyboard */ = {
			isa = PBXVariantGroup;
			children = (
				F89C02B11C6E7F8C00B0A15D /* Base */,
			);
			name = Main.storyboard;
			sourceTree = "<group>";
		};
		F89C02B51C6E7F8C00B0A15D /* LaunchScreen.storyboard */ = {
			isa = PBXVariantGroup;
			children = (
				F89C02B61C6E7F8C00B0A15D /* Base */,
			);
			name = LaunchScreen.storyboard;
			sourceTree = "<group>";
		};
/* End PBXVariantGroup section */

/* Begin XCBuildConfiguration section */
		F89C02CF1C6E7F8C00B0A15D /* Debug */ = {
			isa = XCBuildConfiguration;
			buildSettings = {
				ALWAYS_SEARCH_USER_PATHS = NO;
				CLANG_CXX_LANGUAGE_STANDARD = "gnu++0x";
				CLANG_CXX_LIBRARY = "libc++";
				CLANG_ENABLE_MODULES = YES;
				CLANG_ENABLE_OBJC_ARC = YES;
				CLANG_WARN_BOOL_CONVERSION = YES;
				CLANG_WARN_CONSTANT_CONVERSION = YES;
				CLANG_WARN_DIRECT_OBJC_ISA_USAGE = YES_ERROR;
				CLANG_WARN_EMPTY_BODY = YES;
				CLANG_WARN_ENUM_CONVERSION = YES;
				CLANG_WARN_INT_CONVERSION = YES;
				CLANG_WARN_OBJC_ROOT_CLASS = YES_ERROR;
				CLANG_WARN_UNREACHABLE_CODE = YES;
				CLANG_WARN__DUPLICATE_METHOD_MATCH = YES;
				"CODE_SIGN_IDENTITY[sdk=iphoneos*]" = "iPhone Developer";
				COPY_PHASE_STRIP = NO;
				DEBUG_INFORMATION_FORMAT = "dwarf-with-dsym";
				ENABLE_STRICT_OBJC_MSGSEND = YES;
				ENABLE_TESTABILITY = YES;
				GCC_C_LANGUAGE_STANDARD = gnu99;
				GCC_DYNAMIC_NO_PIC = NO;
				GCC_NO_COMMON_BLOCKS = YES;
				GCC_OPTIMIZATION_LEVEL = 0;
				GCC_PREPROCESSOR_DEFINITIONS = (
					"DEBUG=1",
					"$(inherited)",
				);
				GCC_WARN_64_TO_32_BIT_CONVERSION = YES;
				GCC_WARN_ABOUT_RETURN_TYPE = YES_ERROR;
				GCC_WARN_UNDECLARED_SELECTOR = YES;
				GCC_WARN_UNINITIALIZED_AUTOS = YES_AGGRESSIVE;
				GCC_WARN_UNUSED_FUNCTION = YES;
				GCC_WARN_UNUSED_VARIABLE = YES;
				IPHONEOS_DEPLOYMENT_TARGET = 9.2;
				MTL_ENABLE_DEBUG_INFO = YES;
				ONLY_ACTIVE_ARCH = YES;
				SDKROOT = iphoneos;
				SWIFT_OPTIMIZATION_LEVEL = "-Onone";
			};
			name = Debug;
		};
		F89C02D01C6E7F8C00B0A15D /* Release */ = {
			isa = XCBuildConfiguration;
			buildSettings = {
				ALWAYS_SEARCH_USER_PATHS = NO;
				CLANG_CXX_LANGUAGE_STANDARD = "gnu++0x";
				CLANG_CXX_LIBRARY = "libc++";
				CLANG_ENABLE_MODULES = YES;
				CLANG_ENABLE_OBJC_ARC = YES;
				CLANG_WARN_BOOL_CONVERSION = YES;
				CLANG_WARN_CONSTANT_CONVERSION = YES;
				CLANG_WARN_DIRECT_OBJC_ISA_USAGE = YES_ERROR;
				CLANG_WARN_EMPTY_BODY = YES;
				CLANG_WARN_ENUM_CONVERSION = YES;
				CLANG_WARN_INT_CONVERSION = YES;
				CLANG_WARN_OBJC_ROOT_CLASS = YES_ERROR;
				CLANG_WARN_UNREACHABLE_CODE = YES;
				CLANG_WARN__DUPLICATE_METHOD_MATCH = YES;
				"CODE_SIGN_IDENTITY[sdk=iphoneos*]" = "iPhone Developer";
				COPY_PHASE_STRIP = NO;
				DEBUG_INFORMATION_FORMAT = "dwarf-with-dsym";
				ENABLE_NS_ASSERTIONS = NO;
				ENABLE_STRICT_OBJC_MSGSEND = YES;
				GCC_C_LANGUAGE_STANDARD = gnu99;
				GCC_NO_COMMON_BLOCKS = YES;
				GCC_WARN_64_TO_32_BIT_CONVERSION = YES;
				GCC_WARN_ABOUT_RETURN_TYPE = YES_ERROR;
				GCC_WARN_UNDECLARED_SELECTOR = YES;
				GCC_WARN_UNINITIALIZED_AUTOS = YES_AGGRESSIVE;
				GCC_WARN_UNUSED_FUNCTION = YES;
				GCC_WARN_UNUSED_VARIABLE = YES;
				IPHONEOS_DEPLOYMENT_TARGET = 9.2;
				MTL_ENABLE_DEBUG_INFO = NO;
				SDKROOT = iphoneos;
				VALIDATE_PRODUCT = YES;
			};
			name = Release;
		};
		F89C02D21C6E7F8C00B0A15D /* Debug */ = {
			isa = XCBuildConfiguration;
			buildSettings = {
				ASSETCATALOG_COMPILER_APPICON_NAME = AppIcon;
				INFOPLIST_FILE = bouncing/Info.plist;
				LD_RUNPATH_SEARCH_PATHS = "$(inherited) @executable_path/Frameworks";
				PRODUCT_BUNDLE_IDENTIFIER = iDevLab.bouncing;
				PRODUCT_NAME = "$(TARGET_NAME)";
			};
			name = Debug;
		};
		F89C02D31C6E7F8C00B0A15D /* Release */ = {
			isa = XCBuildConfiguration;
			buildSettings = {
				ASSETCATALOG_COMPILER_APPICON_NAME = AppIcon;
				INFOPLIST_FILE = bouncing/Info.plist;
				LD_RUNPATH_SEARCH_PATHS = "$(inherited) @executable_path/Frameworks";
				PRODUCT_BUNDLE_IDENTIFIER = iDevLab.bouncing;
				PRODUCT_NAME = "$(TARGET_NAME)";
			};
			name = Release;
		};
		F89C02D51C6E7F8C00B0A15D /* Debug */ = {
			isa = XCBuildConfiguration;
			buildSettings = {
				BUNDLE_LOADER = "$(TEST_HOST)";
				DEBUG_INFORMATION_FORMAT = dwarf;
				INFOPLIST_FILE = bouncingTests/Info.plist;
				LD_RUNPATH_SEARCH_PATHS = "$(inherited) @executable_path/Frameworks @loader_path/Frameworks";
				PRODUCT_BUNDLE_IDENTIFIER = iDevLab.bouncingTests;
				PRODUCT_NAME = "$(TARGET_NAME)";
				TEST_HOST = "$(BUILT_PRODUCTS_DIR)/bouncing.app/bouncing";
			};
			name = Debug;
		};
		F89C02D61C6E7F8C00B0A15D /* Release */ = {
			isa = XCBuildConfiguration;
			buildSettings = {
				BUNDLE_LOADER = "$(TEST_HOST)";
				INFOPLIST_FILE = bouncingTests/Info.plist;
				LD_RUNPATH_SEARCH_PATHS = "$(inherited) @executable_path/Frameworks @loader_path/Frameworks";
				PRODUCT_BUNDLE_IDENTIFIER = iDevLab.bouncingTests;
				PRODUCT_NAME = "$(TARGET_NAME)";
				TEST_HOST = "$(BUILT_PRODUCTS_DIR)/bouncing.app/bouncing";
			};
			name = Release;
		};
		F89C02D81C6E7F8C00B0A15D /* Debug */ = {
			isa = XCBuildConfiguration;
			buildSettings = {
				DEBUG_INFORMATION_FORMAT = dwarf;
				INFOPLIST_FILE = bouncingUITests/Info.plist;
				LD_RUNPATH_SEARCH_PATHS = "$(inherited) @executable_path/Frameworks @loader_path/Frameworks";
				PRODUCT_BUNDLE_IDENTIFIER = iDevLab.bouncingUITests;
				PRODUCT_NAME = "$(TARGET_NAME)";
				TEST_TARGET_NAME = bouncing;
				USES_XCTRUNNER = YES;
			};
			name = Debug;
		};
		F89C02D91C6E7F8C00B0A15D /* Release */ = {
			isa = XCBuildConfiguration;
			buildSettings = {
				INFOPLIST_FILE = bouncingUITests/Info.plist;
				LD_RUNPATH_SEARCH_PATHS = "$(inherited) @executable_path/Frameworks @loader_path/Frameworks";
				PRODUCT_BUNDLE_IDENTIFIER = iDevLab.bouncingUITests;
				PRODUCT_NAME = "$(TARGET_NAME)";
				TEST_TARGET_NAME = bouncing;
				USES_XCTRUNNER = YES;
			};
			name = Release;
		};
/* End XCBuildConfiguration section */

/* Begin XCConfigurationList section */
		F89C02A01C6E7F8C00B0A15D /* Build configuration list for PBXProject "bouncing" */ = {
			isa = XCConfigurationList;
			buildConfigurations = (
				F89C02CF1C6E7F8C00B0A15D /* Debug */,
				F89C02D01C6E7F8C00B0A15D /* Release */,
			);
			defaultConfigurationIsVisible = 0;
			defaultConfigurationName = Release;
		};
		F89C02D11C6E7F8C00B0A15D /* Build configuration list for PBXNativeTarget "bouncing" */ = {
			isa = XCConfigurationList;
			buildConfigurations = (
				F89C02D21C6E7F8C00B0A15D /* Debug */,
				F89C02D31C6E7F8C00B0A15D /* Release */,
			);
			defaultConfigurationIsVisible = 0;
		};
		F89C02D41C6E7F8C00B0A15D /* Build configuration list for PBXNativeTarget "bouncingTests" */ = {
			isa = XCConfigurationList;
			buildConfigurations = (
				F89C02D51C6E7F8C00B0A15D /* Debug */,
				F89C02D61C6E7F8C00B0A15D /* Release */,
			);
			defaultConfigurationIsVisible = 0;
		};
		F89C02D71C6E7F8C00B0A15D /* Build configuration list for PBXNativeTarget "bouncingUITests" */ = {
			isa = XCConfigurationList;
			buildConfigurations = (
				F89C02D81C6E7F8C00B0A15D /* Debug */,
				F89C02D91C6E7F8C00B0A15D /* Release */,
			);
			defaultConfigurationIsVisible = 0;
		};
/* End XCConfigurationList section */
	};
	rootObject = F89C029D1C6E7F8C00B0A15D /* Project object */;
}
